PODS:
  - Alamofire (4.4.0)
  - AppAuth (0.9.0)
  - ChameleonFramework (2.1.0):
    - ChameleonFramework/Default (= 2.1.0)
  - ChameleonFramework/Default (2.1.0)
  - DateTimePicker (1.1.1)
  - DZNEmptyDataSet (1.8.1)
  - FSCalendar (2.7.4)
  - GoogleAPIClientForREST/Calendar (1.2.1):
    - GoogleAPIClientForREST/Core
    - GTMSessionFetcher (>= 1.1.7)
  - GoogleAPIClientForREST/Core (1.2.1):
    - GTMSessionFetcher (>= 1.1.7)
  - GTMSessionFetcher (1.1.9):
    - GTMSessionFetcher/Full (= 1.1.9)
  - GTMSessionFetcher/Core (1.1.9)
  - GTMSessionFetcher/Full (1.1.9):
    - GTMSessionFetcher/Core (= 1.1.9)
  - PromiseKit (4.1.7):
    - PromiseKit/Foundation (= 4.1.7)
    - PromiseKit/QuartzCore (= 4.1.7)
    - PromiseKit/UIKit (= 4.1.7)
  - PromiseKit/CorePromise (4.1.7)
  - PromiseKit/Foundation (4.1.7):
    - PromiseKit/CorePromise
  - PromiseKit/QuartzCore (4.1.7):
    - PromiseKit/CorePromise
  - PromiseKit/UIKit (4.1.7):
    - PromiseKit/CorePromise
  - Realm (2.5.1):
    - Realm/Headers (= 2.5.1)
  - Realm/Headers (2.5.1)
  - RealmSwift (2.5.1):
    - Realm (= 2.5.1)
  - SVProgressHUD (2.1.2)
  - SwiftDate (4.1.1)
  - SwiftyJSON (3.1.4)
  - Swinject (2.0.0)
  - TextFieldEffects (1.3.2)
  - YYKit (1.0.9):
    - YYKit/no-arc (= 1.0.9)
  - YYKit/no-arc (1.0.9)

DEPENDENCIES:
  - Alamofire
  - AppAuth (~> 0.9.0)
  - ChameleonFramework
  - DateTimePicker
  - DZNEmptyDataSet
  - FSCalendar
  - GoogleAPIClientForREST/Calendar
  - PromiseKit (~> 4.0)
  - RealmSwift
  - SVProgressHUD
  - SwiftDate (~> 4.0)
  - SwiftyJSON
  - Swinject (~> 2.0.0)
  - TextFieldEffects
  - YYKit

SPEC CHECKSUMS:
  Alamofire: dc44b1600b800eb63da6a19039a0083d62a6a62d
  AppAuth: 4fabb6b8068a2e61b914b41071bdbd95da2c9553
  ChameleonFramework: d21a3cc247abfe5e37609a283a8238b03575cf64
  DateTimePicker: 1905792f424b712258c1059165f86f9e82bdbf4a
  DZNEmptyDataSet: 9525833b9e68ac21c30253e1d3d7076cc828eaa7
  FSCalendar: e95995a746acae531c4a7dd636b8393233125ec5
  GoogleAPIClientForREST: a8b95a252014ce2e618df6b75dc72eca2c00b4af
  GTMSessionFetcher: 5c046c76a1f859bc9c187e918f18e4fc7bb57b5e
  PromiseKit: 779f2e41faf62d854e7593026ddbcb0bb5c5002d
  Realm: 32f86104d37c8521f864d4274050b38ba6190733
  RealmSwift: f719e7511c902b8908593e8f143f59e47931bdb6
  SVProgressHUD: c404a55d78acbeb7ebb78b76d3faf986475a6994
  SwiftDate: ae615078806a322183e5f64e02e80ca8d939bf48
  SwiftyJSON: c2842d878f95482ffceec5709abc3d05680c0220
  Swinject: 2e964a80d70ab09b3949c99032711f89147bfd60
  TextFieldEffects: 9e5cce561ea39c75b86e9d3637601727a67e8b23
  YYKit: 7cda43304a8dc3696c449041e2cb3107b4e236e7

PODFILE CHECKSUM: 9b499327ff5fe1da394413e0eadfb3202960baea

COCOAPODS: 1.2.0
