// !$*UTF8*$!
{
	archiveVersion = 1;
	classes = {
	};
	objectVersion = 46;
	objects = {

/* Begin PBXBuildFile section */
		4A28AEFB1E9C607F007665F0 /* Models.swift in Sources */ = {isa = PBXBuildFile; fileRef = 4A28AEFA1E9C607F007665F0 /* Models.swift */; };
		4A2A228B1EA4309A001B6906 /* AbstractHTTPClient.swift in Sources */ = {isa = PBXBuildFile; fileRef = 4A2A228A1EA4309A001B6906 /* AbstractHTTPClient.swift */; };
		4A2A228D1EA432B4001B6906 /* AbstractSession.swift in Sources */ = {isa = PBXBuildFile; fileRef = 4A2A228C1EA432B4001B6906 /* AbstractSession.swift */; };
		4A2A228F1EA434A7001B6906 /* GoogleError.swift in Sources */ = {isa = PBXBuildFile; fileRef = 4A2A228E1EA434A7001B6906 /* GoogleError.swift */; };
		4A3E6BA41E9C3B7B00E1644A /* GoogleCalendar.swift in Sources */ = {isa = PBXBuildFile; fileRef = 4A3E6BA31E9C3B7B00E1644A /* GoogleCalendar.swift */; };
		4A3FA03E1E9D6B45004ECF64 /* GoogleSession.swift in Sources */ = {isa = PBXBuildFile; fileRef = 4A3FA03D1E9D6B45004ECF64 /* GoogleSession.swift */; };
		4A7758DC1E9B1D6900C1DDDB /* GoogleService-Info.plist in Resources */ = {isa = PBXBuildFile; fileRef = 4A7758DB1E9B1D6900C1DDDB /* GoogleService-Info.plist */; };
		4A7758DD1E9B1DAC00C1DDDB /* GoogleService-Info.plist in Resources */ = {isa = PBXBuildFile; fileRef = 4A7758DB1E9B1D6900C1DDDB /* GoogleService-Info.plist */; };
		4A7758DE1E9B1DAC00C1DDDB /* GoogleService-Info.plist in Resources */ = {isa = PBXBuildFile; fileRef = 4A7758DB1E9B1D6900C1DDDB /* GoogleService-Info.plist */; };
		4A7758E11E9BD0EB00C1DDDB /* AppAuthPromise.swift in Sources */ = {isa = PBXBuildFile; fileRef = 4A7758E01E9BD0EB00C1DDDB /* AppAuthPromise.swift */; };
		4AC169121EA44602006F79E3 /* GoogleHTTPClient.swift in Sources */ = {isa = PBXBuildFile; fileRef = 4AC169111EA44602006F79E3 /* GoogleHTTPClient.swift */; };
		4AC169141EA4829C006F79E3 /* FakeAbstractClasses.swift in Sources */ = {isa = PBXBuildFile; fileRef = 4AC169131EA4829C006F79E3 /* FakeAbstractClasses.swift */; };
		4AC522021EA5C89A00448202 /* RealmProvider.swift in Sources */ = {isa = PBXBuildFile; fileRef = 4AC522011EA5C89A00448202 /* RealmProvider.swift */; };
		4AC522041EA5D94B00448202 /* AsyncTests.swift in Sources */ = {isa = PBXBuildFile; fileRef = 4AC522031EA5D94B00448202 /* AsyncTests.swift */; };
		66BCFC77BDF4C3ABEB746EC7 /* Pods_DatingCalTests.framework in Frameworks */ = {isa = PBXBuildFile; fileRef = D314118D80B2A41AEAE1A87E /* Pods_DatingCalTests.framework */; };
		88442BC81E9C350F00DC23A3 /* TriangleView.swift in Sources */ = {isa = PBXBuildFile; fileRef = 88442BC71E9C350F00DC23A3 /* TriangleView.swift */; };
		88442BCA1E9C415500DC23A3 /* Defaults.swift in Sources */ = {isa = PBXBuildFile; fileRef = 88442BC91E9C415500DC23A3 /* Defaults.swift */; };
		88D65D2D1E9DF5BC00E80595 /* MainCalendarEventTableViewCell.swift in Sources */ = {isa = PBXBuildFile; fileRef = 88D65D2C1E9DF5BC00E80595 /* MainCalendarEventTableViewCell.swift */; };
		88D65D2F1E9DF92200E80595 /* MainCalendarEmptyTableEx.swift in Sources */ = {isa = PBXBuildFile; fileRef = 88D65D2E1E9DF92200E80595 /* MainCalendarEmptyTableEx.swift */; };
		88D65D391E9F0BAB00E80595 /* AddEventViewController.swift in Sources */ = {isa = PBXBuildFile; fileRef = 88D65D381E9F0BAB00E80595 /* AddEventViewController.swift */; };
		88D65D3B1EA4832300E80595 /* DatesSetupViewController.swift in Sources */ = {isa = PBXBuildFile; fileRef = 88D65D3A1EA4832300E80595 /* DatesSetupViewController.swift */; };
		88F103ED1E9AE1DA0047F308 /* AppDelegate.swift in Sources */ = {isa = PBXBuildFile; fileRef = 88F103EC1E9AE1D90047F308 /* AppDelegate.swift */; };
		88F103F21E9AE1DA0047F308 /* Main.storyboard in Resources */ = {isa = PBXBuildFile; fileRef = 88F103F01E9AE1DA0047F308 /* Main.storyboard */; };
		88F103F41E9AE1DA0047F308 /* Assets.xcassets in Resources */ = {isa = PBXBuildFile; fileRef = 88F103F31E9AE1DA0047F308 /* Assets.xcassets */; };
		88F103F71E9AE1DA0047F308 /* LaunchScreen.storyboard in Resources */ = {isa = PBXBuildFile; fileRef = 88F103F51E9AE1DA0047F308 /* LaunchScreen.storyboard */; };
		88F104021E9AE1DA0047F308 /* CalendarTests.swift in Sources */ = {isa = PBXBuildFile; fileRef = 88F104011E9AE1DA0047F308 /* CalendarTests.swift */; };
		88F1040D1E9AE1DA0047F308 /* DatingCalUITests.swift in Sources */ = {isa = PBXBuildFile; fileRef = 88F1040C1E9AE1DA0047F308 /* DatingCalUITests.swift */; };
		88F1041E1E9AE8EF0047F308 /* MainCalendarViewController.swift in Sources */ = {isa = PBXBuildFile; fileRef = 88F1041D1E9AE8EE0047F308 /* MainCalendarViewController.swift */; };
		88F104201E9AED300047F308 /* MainCalendarFSEx.swift in Sources */ = {isa = PBXBuildFile; fileRef = 88F1041F1E9AED300047F308 /* MainCalendarFSEx.swift */; };
		88F104221E9AED5D0047F308 /* MainCalendarTableEx.swift in Sources */ = {isa = PBXBuildFile; fileRef = 88F104211E9AED5D0047F308 /* MainCalendarTableEx.swift */; };
		AC88F8340664D2C0360A28C3 /* Pods_DatingCal.framework in Frameworks */ = {isa = PBXBuildFile; fileRef = C3B87019FB7411A7235D57BD /* Pods_DatingCal.framework */; };
/* End PBXBuildFile section */

/* Begin PBXContainerItemProxy section */
		88F103FE1E9AE1DA0047F308 /* PBXContainerItemProxy */ = {
			isa = PBXContainerItemProxy;
			containerPortal = 88F103E11E9AE1D90047F308 /* Project object */;
			proxyType = 1;
			remoteGlobalIDString = 88F103E81E9AE1D90047F308;
			remoteInfo = DatingCal;
		};
		88F104091E9AE1DA0047F308 /* PBXContainerItemProxy */ = {
			isa = PBXContainerItemProxy;
			containerPortal = 88F103E11E9AE1D90047F308 /* Project object */;
			proxyType = 1;
			remoteGlobalIDString = 88F103E81E9AE1D90047F308;
			remoteInfo = DatingCal;
		};
/* End PBXContainerItemProxy section */

/* Begin PBXFileReference section */
		14993FCCC749C5544529B988 /* Pods-DatingCal.debug.xcconfig */ = {isa = PBXFileReference; includeInIndex = 1; lastKnownFileType = text.xcconfig; name = "Pods-DatingCal.debug.xcconfig"; path = "Pods/Target Support Files/Pods-DatingCal/Pods-DatingCal.debug.xcconfig"; sourceTree = "<group>"; };
		294C7979DC7819CEE71FD3A3 /* Pods-DatingCalTests.debug.xcconfig */ = {isa = PBXFileReference; includeInIndex = 1; lastKnownFileType = text.xcconfig; name = "Pods-DatingCalTests.debug.xcconfig"; path = "Pods/Target Support Files/Pods-DatingCalTests/Pods-DatingCalTests.debug.xcconfig"; sourceTree = "<group>"; };
		4A28AEFA1E9C607F007665F0 /* Models.swift */ = {isa = PBXFileReference; fileEncoding = 4; lastKnownFileType = sourcecode.swift; path = Models.swift; sourceTree = "<group>"; };
		4A2A228A1EA4309A001B6906 /* AbstractHTTPClient.swift */ = {isa = PBXFileReference; fileEncoding = 4; lastKnownFileType = sourcecode.swift; path = AbstractHTTPClient.swift; sourceTree = "<group>"; };
		4A2A228C1EA432B4001B6906 /* AbstractSession.swift */ = {isa = PBXFileReference; fileEncoding = 4; lastKnownFileType = sourcecode.swift; path = AbstractSession.swift; sourceTree = "<group>"; };
		4A2A228E1EA434A7001B6906 /* GoogleError.swift */ = {isa = PBXFileReference; fileEncoding = 4; lastKnownFileType = sourcecode.swift; path = GoogleError.swift; sourceTree = "<group>"; };
		4A3E6BA31E9C3B7B00E1644A /* GoogleCalendar.swift */ = {isa = PBXFileReference; fileEncoding = 4; lastKnownFileType = sourcecode.swift; path = GoogleCalendar.swift; sourceTree = "<group>"; };
		4A3FA03D1E9D6B45004ECF64 /* GoogleSession.swift */ = {isa = PBXFileReference; fileEncoding = 4; lastKnownFileType = sourcecode.swift; path = GoogleSession.swift; sourceTree = "<group>"; };
		4A7758DB1E9B1D6900C1DDDB /* GoogleService-Info.plist */ = {isa = PBXFileReference; fileEncoding = 4; lastKnownFileType = text.plist.xml; path = "GoogleService-Info.plist"; sourceTree = "<group>"; };
		4A7758E01E9BD0EB00C1DDDB /* AppAuthPromise.swift */ = {isa = PBXFileReference; fileEncoding = 4; lastKnownFileType = sourcecode.swift; path = AppAuthPromise.swift; sourceTree = "<group>"; };
		4AC169111EA44602006F79E3 /* GoogleHTTPClient.swift */ = {isa = PBXFileReference; fileEncoding = 4; lastKnownFileType = sourcecode.swift; path = GoogleHTTPClient.swift; sourceTree = "<group>"; };
		4AC169131EA4829C006F79E3 /* FakeAbstractClasses.swift */ = {isa = PBXFileReference; fileEncoding = 4; lastKnownFileType = sourcecode.swift; path = FakeAbstractClasses.swift; sourceTree = "<group>"; };
		4AC522011EA5C89A00448202 /* RealmProvider.swift */ = {isa = PBXFileReference; fileEncoding = 4; lastKnownFileType = sourcecode.swift; path = RealmProvider.swift; sourceTree = "<group>"; };
		4AC522031EA5D94B00448202 /* AsyncTests.swift */ = {isa = PBXFileReference; fileEncoding = 4; lastKnownFileType = sourcecode.swift; path = AsyncTests.swift; sourceTree = "<group>"; };
		88442BC71E9C350F00DC23A3 /* TriangleView.swift */ = {isa = PBXFileReference; fileEncoding = 4; lastKnownFileType = sourcecode.swift; path = TriangleView.swift; sourceTree = "<group>"; };
		88442BC91E9C415500DC23A3 /* Defaults.swift */ = {isa = PBXFileReference; fileEncoding = 4; lastKnownFileType = sourcecode.swift; path = Defaults.swift; sourceTree = "<group>"; };
		88D65D2C1E9DF5BC00E80595 /* MainCalendarEventTableViewCell.swift */ = {isa = PBXFileReference; fileEncoding = 4; lastKnownFileType = sourcecode.swift; path = MainCalendarEventTableViewCell.swift; sourceTree = "<group>"; };
		88D65D2E1E9DF92200E80595 /* MainCalendarEmptyTableEx.swift */ = {isa = PBXFileReference; fileEncoding = 4; lastKnownFileType = sourcecode.swift; path = MainCalendarEmptyTableEx.swift; sourceTree = "<group>"; };
		88D65D381E9F0BAB00E80595 /* AddEventViewController.swift */ = {isa = PBXFileReference; fileEncoding = 4; lastKnownFileType = sourcecode.swift; path = AddEventViewController.swift; sourceTree = "<group>"; };
		88D65D3A1EA4832300E80595 /* DatesSetupViewController.swift */ = {isa = PBXFileReference; fileEncoding = 4; lastKnownFileType = sourcecode.swift; path = DatesSetupViewController.swift; sourceTree = "<group>"; };
		88F103E91E9AE1D90047F308 /* DatingCal.app */ = {isa = PBXFileReference; explicitFileType = wrapper.application; includeInIndex = 0; path = DatingCal.app; sourceTree = BUILT_PRODUCTS_DIR; };
		88F103EC1E9AE1D90047F308 /* AppDelegate.swift */ = {isa = PBXFileReference; lastKnownFileType = sourcecode.swift; path = AppDelegate.swift; sourceTree = "<group>"; };
		88F103F11E9AE1DA0047F308 /* Base */ = {isa = PBXFileReference; lastKnownFileType = file.storyboard; name = Base; path = Base.lproj/Main.storyboard; sourceTree = "<group>"; };
		88F103F31E9AE1DA0047F308 /* Assets.xcassets */ = {isa = PBXFileReference; lastKnownFileType = folder.assetcatalog; path = Assets.xcassets; sourceTree = "<group>"; };
		88F103F61E9AE1DA0047F308 /* Base */ = {isa = PBXFileReference; lastKnownFileType = file.storyboard; name = Base; path = Base.lproj/LaunchScreen.storyboard; sourceTree = "<group>"; };
		88F103F81E9AE1DA0047F308 /* Info.plist */ = {isa = PBXFileReference; lastKnownFileType = text.plist.xml; path = Info.plist; sourceTree = "<group>"; };
		88F103FD1E9AE1DA0047F308 /* DatingCalTests.xctest */ = {isa = PBXFileReference; explicitFileType = wrapper.cfbundle; includeInIndex = 0; path = DatingCalTests.xctest; sourceTree = BUILT_PRODUCTS_DIR; };
		88F104011E9AE1DA0047F308 /* CalendarTests.swift */ = {isa = PBXFileReference; lastKnownFileType = sourcecode.swift; path = CalendarTests.swift; sourceTree = "<group>"; };
		88F104031E9AE1DA0047F308 /* Info.plist */ = {isa = PBXFileReference; lastKnownFileType = text.plist.xml; path = Info.plist; sourceTree = "<group>"; };
		88F104081E9AE1DA0047F308 /* DatingCalUITests.xctest */ = {isa = PBXFileReference; explicitFileType = wrapper.cfbundle; includeInIndex = 0; path = DatingCalUITests.xctest; sourceTree = BUILT_PRODUCTS_DIR; };
		88F1040C1E9AE1DA0047F308 /* DatingCalUITests.swift */ = {isa = PBXFileReference; lastKnownFileType = sourcecode.swift; path = DatingCalUITests.swift; sourceTree = "<group>"; };
		88F1040E1E9AE1DA0047F308 /* Info.plist */ = {isa = PBXFileReference; lastKnownFileType = text.plist.xml; path = Info.plist; sourceTree = "<group>"; };
		88F1041A1E9AE7DC0047F308 /* DatingCal-Bridging-Header.h */ = {isa = PBXFileReference; lastKnownFileType = sourcecode.c.h; path = "DatingCal-Bridging-Header.h"; sourceTree = "<group>"; };
		88F1041D1E9AE8EE0047F308 /* MainCalendarViewController.swift */ = {isa = PBXFileReference; fileEncoding = 4; lastKnownFileType = sourcecode.swift; path = MainCalendarViewController.swift; sourceTree = "<group>"; };
		88F1041F1E9AED300047F308 /* MainCalendarFSEx.swift */ = {isa = PBXFileReference; fileEncoding = 4; lastKnownFileType = sourcecode.swift; path = MainCalendarFSEx.swift; sourceTree = "<group>"; };
		88F104211E9AED5D0047F308 /* MainCalendarTableEx.swift */ = {isa = PBXFileReference; fileEncoding = 4; lastKnownFileType = sourcecode.swift; path = MainCalendarTableEx.swift; sourceTree = "<group>"; };
		C3B87019FB7411A7235D57BD /* Pods_DatingCal.framework */ = {isa = PBXFileReference; explicitFileType = wrapper.framework; includeInIndex = 0; path = Pods_DatingCal.framework; sourceTree = BUILT_PRODUCTS_DIR; };
		CCCD3225477F11CAFB04E765 /* Pods-DatingCal.release.xcconfig */ = {isa = PBXFileReference; includeInIndex = 1; lastKnownFileType = text.xcconfig; name = "Pods-DatingCal.release.xcconfig"; path = "Pods/Target Support Files/Pods-DatingCal/Pods-DatingCal.release.xcconfig"; sourceTree = "<group>"; };
		D314118D80B2A41AEAE1A87E /* Pods_DatingCalTests.framework */ = {isa = PBXFileReference; explicitFileType = wrapper.framework; includeInIndex = 0; path = Pods_DatingCalTests.framework; sourceTree = BUILT_PRODUCTS_DIR; };
		FF238F5860B5BB4511ADED39 /* Pods-DatingCalTests.release.xcconfig */ = {isa = PBXFileReference; includeInIndex = 1; lastKnownFileType = text.xcconfig; name = "Pods-DatingCalTests.release.xcconfig"; path = "Pods/Target Support Files/Pods-DatingCalTests/Pods-DatingCalTests.release.xcconfig"; sourceTree = "<group>"; };
/* End PBXFileReference section */

/* Begin PBXFrameworksBuildPhase section */
		88F103E61E9AE1D90047F308 /* Frameworks */ = {
			isa = PBXFrameworksBuildPhase;
			buildActionMask = 2147483647;
			files = (
				AC88F8340664D2C0360A28C3 /* Pods_DatingCal.framework in Frameworks */,
			);
			runOnlyForDeploymentPostprocessing = 0;
		};
		88F103FA1E9AE1DA0047F308 /* Frameworks */ = {
			isa = PBXFrameworksBuildPhase;
			buildActionMask = 2147483647;
			files = (
				66BCFC77BDF4C3ABEB746EC7 /* Pods_DatingCalTests.framework in Frameworks */,
			);
			runOnlyForDeploymentPostprocessing = 0;
		};
		88F104051E9AE1DA0047F308 /* Frameworks */ = {
			isa = PBXFrameworksBuildPhase;
			buildActionMask = 2147483647;
			files = (
			);
			runOnlyForDeploymentPostprocessing = 0;
		};
/* End PBXFrameworksBuildPhase section */

/* Begin PBXGroup section */
		4A28AEF91E9C6069007665F0 /* Models */ = {
			isa = PBXGroup;
			children = (
				4A28AEFA1E9C607F007665F0 /* Models.swift */,
			);
			name = Models;
			sourceTree = "<group>";
		};
		4A7758DF1E9BD0B100C1DDDB /* GoogleHelpers */ = {
			isa = PBXGroup;
			children = (
				4A2A228A1EA4309A001B6906 /* AbstractHTTPClient.swift */,
				4A2A228C1EA432B4001B6906 /* AbstractSession.swift */,
				4A7758E01E9BD0EB00C1DDDB /* AppAuthPromise.swift */,
				4A3E6BA31E9C3B7B00E1644A /* GoogleCalendar.swift */,
				4AC169111EA44602006F79E3 /* GoogleHTTPClient.swift */,
				4A3FA03D1E9D6B45004ECF64 /* GoogleSession.swift */,
				4A2A228E1EA434A7001B6906 /* GoogleError.swift */,
				4AC522011EA5C89A00448202 /* RealmProvider.swift */,
			);
			name = GoogleHelpers;
			sourceTree = "<group>";
		};
		6DB00AF3EECCDBF857427B19 /* Frameworks */ = {
			isa = PBXGroup;
			children = (
				C3B87019FB7411A7235D57BD /* Pods_DatingCal.framework */,
				D314118D80B2A41AEAE1A87E /* Pods_DatingCalTests.framework */,
			);
			name = Frameworks;
			sourceTree = "<group>";
		};
		88F103E01E9AE1D90047F308 = {
			isa = PBXGroup;
			children = (
				88F103EB1E9AE1D90047F308 /* DatingCal */,
				88F104001E9AE1DA0047F308 /* DatingCalTests */,
				88F1040B1E9AE1DA0047F308 /* DatingCalUITests */,
				88F103EA1E9AE1D90047F308 /* Products */,
				B48D1F62F5CE309D220DF09E /* Pods */,
				6DB00AF3EECCDBF857427B19 /* Frameworks */,
			);
			sourceTree = "<group>";
		};
		88F103EA1E9AE1D90047F308 /* Products */ = {
			isa = PBXGroup;
			children = (
				88F103E91E9AE1D90047F308 /* DatingCal.app */,
				88F103FD1E9AE1DA0047F308 /* DatingCalTests.xctest */,
				88F104081E9AE1DA0047F308 /* DatingCalUITests.xctest */,
			);
			name = Products;
			sourceTree = "<group>";
		};
		88F103EB1E9AE1D90047F308 /* DatingCal */ = {
			isa = PBXGroup;
			children = (
				4A28AEF91E9C6069007665F0 /* Models */,
				4A7758DF1E9BD0B100C1DDDB /* GoogleHelpers */,
				4A7758DB1E9B1D6900C1DDDB /* GoogleService-Info.plist */,
				88F103EC1E9AE1D90047F308 /* AppDelegate.swift */,
				88F1041D1E9AE8EE0047F308 /* MainCalendarViewController.swift */,
				88F1041F1E9AED300047F308 /* MainCalendarFSEx.swift */,
				88F104211E9AED5D0047F308 /* MainCalendarTableEx.swift */,
				88D65D2E1E9DF92200E80595 /* MainCalendarEmptyTableEx.swift */,
				88D65D2C1E9DF5BC00E80595 /* MainCalendarEventTableViewCell.swift */,
				88D65D381E9F0BAB00E80595 /* AddEventViewController.swift */,
				88D65D3A1EA4832300E80595 /* DatesSetupViewController.swift */,
				88442BC71E9C350F00DC23A3 /* TriangleView.swift */,
				88442BC91E9C415500DC23A3 /* Defaults.swift */,
				88F103F01E9AE1DA0047F308 /* Main.storyboard */,
				88F103F31E9AE1DA0047F308 /* Assets.xcassets */,
				88F103F51E9AE1DA0047F308 /* LaunchScreen.storyboard */,
				88F103F81E9AE1DA0047F308 /* Info.plist */,
				88F1041A1E9AE7DC0047F308 /* DatingCal-Bridging-Header.h */,
			);
			path = DatingCal;
			sourceTree = "<group>";
		};
		88F104001E9AE1DA0047F308 /* DatingCalTests */ = {
			isa = PBXGroup;
			children = (
				88F104011E9AE1DA0047F308 /* CalendarTests.swift */,
				88F104031E9AE1DA0047F308 /* Info.plist */,
				4AC169131EA4829C006F79E3 /* FakeAbstractClasses.swift */,
				4AC522031EA5D94B00448202 /* AsyncTests.swift */,
			);
			path = DatingCalTests;
			sourceTree = "<group>";
		};
		88F1040B1E9AE1DA0047F308 /* DatingCalUITests */ = {
			isa = PBXGroup;
			children = (
				88F1040C1E9AE1DA0047F308 /* DatingCalUITests.swift */,
				88F1040E1E9AE1DA0047F308 /* Info.plist */,
			);
			path = DatingCalUITests;
			sourceTree = "<group>";
		};
		B48D1F62F5CE309D220DF09E /* Pods */ = {
			isa = PBXGroup;
			children = (
				14993FCCC749C5544529B988 /* Pods-DatingCal.debug.xcconfig */,
				CCCD3225477F11CAFB04E765 /* Pods-DatingCal.release.xcconfig */,
				294C7979DC7819CEE71FD3A3 /* Pods-DatingCalTests.debug.xcconfig */,
				FF238F5860B5BB4511ADED39 /* Pods-DatingCalTests.release.xcconfig */,
			);
			name = Pods;
			sourceTree = "<group>";
		};
/* End PBXGroup section */

/* Begin PBXNativeTarget section */
		88F103E81E9AE1D90047F308 /* DatingCal */ = {
			isa = PBXNativeTarget;
			buildConfigurationList = 88F104111E9AE1DA0047F308 /* Build configuration list for PBXNativeTarget "DatingCal" */;
			buildPhases = (
				DF957A2673BC39A06BFFE9BB /* [CP] Check Pods Manifest.lock */,
				88F103E51E9AE1D90047F308 /* Sources */,
				88F103E61E9AE1D90047F308 /* Frameworks */,
				88F103E71E9AE1D90047F308 /* Resources */,
				8DF6FEBB02633FC3EF95D88C /* [CP] Embed Pods Frameworks */,
				11BED101D1FC92875D3AA9F9 /* [CP] Copy Pods Resources */,
			);
			buildRules = (
			);
			dependencies = (
			);
			name = DatingCal;
			productName = DatingCal;
			productReference = 88F103E91E9AE1D90047F308 /* DatingCal.app */;
			productType = "com.apple.product-type.application";
		};
		88F103FC1E9AE1DA0047F308 /* DatingCalTests */ = {
			isa = PBXNativeTarget;
			buildConfigurationList = 88F104141E9AE1DA0047F308 /* Build configuration list for PBXNativeTarget "DatingCalTests" */;
			buildPhases = (
				039A091EEAD0A9DD3D4B069A /* [CP] Check Pods Manifest.lock */,
				88F103F91E9AE1DA0047F308 /* Sources */,
				88F103FA1E9AE1DA0047F308 /* Frameworks */,
				88F103FB1E9AE1DA0047F308 /* Resources */,
				2AAB29F2ADC7799770212D3C /* [CP] Embed Pods Frameworks */,
				9A38AFFC7B6B659A0C7221B9 /* [CP] Copy Pods Resources */,
			);
			buildRules = (
			);
			dependencies = (
				88F103FF1E9AE1DA0047F308 /* PBXTargetDependency */,
			);
			name = DatingCalTests;
			productName = DatingCalTests;
			productReference = 88F103FD1E9AE1DA0047F308 /* DatingCalTests.xctest */;
			productType = "com.apple.product-type.bundle.unit-test";
		};
		88F104071E9AE1DA0047F308 /* DatingCalUITests */ = {
			isa = PBXNativeTarget;
			buildConfigurationList = 88F104171E9AE1DA0047F308 /* Build configuration list for PBXNativeTarget "DatingCalUITests" */;
			buildPhases = (
				88F104041E9AE1DA0047F308 /* Sources */,
				88F104051E9AE1DA0047F308 /* Frameworks */,
				88F104061E9AE1DA0047F308 /* Resources */,
			);
			buildRules = (
			);
			dependencies = (
				88F1040A1E9AE1DA0047F308 /* PBXTargetDependency */,
			);
			name = DatingCalUITests;
			productName = DatingCalUITests;
			productReference = 88F104081E9AE1DA0047F308 /* DatingCalUITests.xctest */;
			productType = "com.apple.product-type.bundle.ui-testing";
		};
/* End PBXNativeTarget section */

/* Begin PBXProject section */
		88F103E11E9AE1D90047F308 /* Project object */ = {
			isa = PBXProject;
			attributes = {
				LastSwiftUpdateCheck = 0830;
				LastUpgradeCheck = 0830;
				TargetAttributes = {
					88F103E81E9AE1D90047F308 = {
						CreatedOnToolsVersion = 8.3;
						DevelopmentTeam = 4EYD34WAXU;
						LastSwiftMigration = 0830;
						ProvisioningStyle = Automatic;
					};
					88F103FC1E9AE1DA0047F308 = {
						CreatedOnToolsVersion = 8.3;
						DevelopmentTeam = 4EYD34WAXU;
						ProvisioningStyle = Automatic;
						TestTargetID = 88F103E81E9AE1D90047F308;
					};
					88F104071E9AE1DA0047F308 = {
						CreatedOnToolsVersion = 8.3;
						ProvisioningStyle = Automatic;
						TestTargetID = 88F103E81E9AE1D90047F308;
					};
				};
			};
			buildConfigurationList = 88F103E41E9AE1D90047F308 /* Build configuration list for PBXProject "DatingCal" */;
			compatibilityVersion = "Xcode 3.2";
			developmentRegion = English;
			hasScannedForEncodings = 0;
			knownRegions = (
				en,
				Base,
			);
			mainGroup = 88F103E01E9AE1D90047F308;
			productRefGroup = 88F103EA1E9AE1D90047F308 /* Products */;
			projectDirPath = "";
			projectRoot = "";
			targets = (
				88F103E81E9AE1D90047F308 /* DatingCal */,
				88F103FC1E9AE1DA0047F308 /* DatingCalTests */,
				88F104071E9AE1DA0047F308 /* DatingCalUITests */,
			);
		};
/* End PBXProject section */

/* Begin PBXResourcesBuildPhase section */
		88F103E71E9AE1D90047F308 /* Resources */ = {
			isa = PBXResourcesBuildPhase;
			buildActionMask = 2147483647;
			files = (
				88F103F71E9AE1DA0047F308 /* LaunchScreen.storyboard in Resources */,
				4A7758DC1E9B1D6900C1DDDB /* GoogleService-Info.plist in Resources */,
				88F103F41E9AE1DA0047F308 /* Assets.xcassets in Resources */,
				88F103F21E9AE1DA0047F308 /* Main.storyboard in Resources */,
			);
			runOnlyForDeploymentPostprocessing = 0;
		};
		88F103FB1E9AE1DA0047F308 /* Resources */ = {
			isa = PBXResourcesBuildPhase;
			buildActionMask = 2147483647;
			files = (
				4A7758DD1E9B1DAC00C1DDDB /* GoogleService-Info.plist in Resources */,
			);
			runOnlyForDeploymentPostprocessing = 0;
		};
		88F104061E9AE1DA0047F308 /* Resources */ = {
			isa = PBXResourcesBuildPhase;
			buildActionMask = 2147483647;
			files = (
				4A7758DE1E9B1DAC00C1DDDB /* GoogleService-Info.plist in Resources */,
			);
			runOnlyForDeploymentPostprocessing = 0;
		};
/* End PBXResourcesBuildPhase section */

/* Begin PBXShellScriptBuildPhase section */
		039A091EEAD0A9DD3D4B069A /* [CP] Check Pods Manifest.lock */ = {
			isa = PBXShellScriptBuildPhase;
			buildActionMask = 2147483647;
			files = (
			);
			inputPaths = (
			);
			name = "[CP] Check Pods Manifest.lock";
			outputPaths = (
			);
			runOnlyForDeploymentPostprocessing = 0;
			shellPath = /bin/sh;
			shellScript = "diff \"${PODS_ROOT}/../Podfile.lock\" \"${PODS_ROOT}/Manifest.lock\" > /dev/null\nif [ $? != 0 ] ; then\n    # print error to STDERR\n    echo \"error: The sandbox is not in sync with the Podfile.lock. Run 'pod install' or update your CocoaPods installation.\" >&2\n    exit 1\nfi\n";
			showEnvVarsInLog = 0;
		};
		11BED101D1FC92875D3AA9F9 /* [CP] Copy Pods Resources */ = {
			isa = PBXShellScriptBuildPhase;
			buildActionMask = 2147483647;
			files = (
			);
			inputPaths = (
			);
			name = "[CP] Copy Pods Resources";
			outputPaths = (
			);
			runOnlyForDeploymentPostprocessing = 0;
			shellPath = /bin/sh;
			shellScript = "\"${SRCROOT}/Pods/Target Support Files/Pods-DatingCal/Pods-DatingCal-resources.sh\"\n";
			showEnvVarsInLog = 0;
		};
		2AAB29F2ADC7799770212D3C /* [CP] Embed Pods Frameworks */ = {
			isa = PBXShellScriptBuildPhase;
			buildActionMask = 2147483647;
			files = (
			);
			inputPaths = (
			);
			name = "[CP] Embed Pods Frameworks";
			outputPaths = (
			);
			runOnlyForDeploymentPostprocessing = 0;
			shellPath = /bin/sh;
			shellScript = "\"${SRCROOT}/Pods/Target Support Files/Pods-DatingCalTests/Pods-DatingCalTests-frameworks.sh\"\n";
			showEnvVarsInLog = 0;
		};
		8DF6FEBB02633FC3EF95D88C /* [CP] Embed Pods Frameworks */ = {
			isa = PBXShellScriptBuildPhase;
			buildActionMask = 2147483647;
			files = (
			);
			inputPaths = (
			);
			name = "[CP] Embed Pods Frameworks";
			outputPaths = (
			);
			runOnlyForDeploymentPostprocessing = 0;
			shellPath = /bin/sh;
			shellScript = "\"${SRCROOT}/Pods/Target Support Files/Pods-DatingCal/Pods-DatingCal-frameworks.sh\"\n";
			showEnvVarsInLog = 0;
		};
		9A38AFFC7B6B659A0C7221B9 /* [CP] Copy Pods Resources */ = {
			isa = PBXShellScriptBuildPhase;
			buildActionMask = 2147483647;
			files = (
			);
			inputPaths = (
			);
			name = "[CP] Copy Pods Resources";
			outputPaths = (
			);
			runOnlyForDeploymentPostprocessing = 0;
			shellPath = /bin/sh;
			shellScript = "\"${SRCROOT}/Pods/Target Support Files/Pods-DatingCalTests/Pods-DatingCalTests-resources.sh\"\n";
			showEnvVarsInLog = 0;
		};
		DF957A2673BC39A06BFFE9BB /* [CP] Check Pods Manifest.lock */ = {
			isa = PBXShellScriptBuildPhase;
			buildActionMask = 2147483647;
			files = (
			);
			inputPaths = (
			);
			name = "[CP] Check Pods Manifest.lock";
			outputPaths = (
			);
			runOnlyForDeploymentPostprocessing = 0;
			shellPath = /bin/sh;
			shellScript = "diff \"${PODS_ROOT}/../Podfile.lock\" \"${PODS_ROOT}/Manifest.lock\" > /dev/null\nif [ $? != 0 ] ; then\n    # print error to STDERR\n    echo \"error: The sandbox is not in sync with the Podfile.lock. Run 'pod install' or update your CocoaPods installation.\" >&2\n    exit 1\nfi\n";
			showEnvVarsInLog = 0;
		};
/* End PBXShellScriptBuildPhase section */

/* Begin PBXSourcesBuildPhase section */
		88F103E51E9AE1D90047F308 /* Sources */ = {
			isa = PBXSourcesBuildPhase;
			buildActionMask = 2147483647;
			files = (
				88D65D3B1EA4832300E80595 /* DatesSetupViewController.swift in Sources */,
				88D65D2F1E9DF92200E80595 /* MainCalendarEmptyTableEx.swift in Sources */,
				88F104221E9AED5D0047F308 /* MainCalendarTableEx.swift in Sources */,
				4AC522021EA5C89A00448202 /* RealmProvider.swift in Sources */,
				4A28AEFB1E9C607F007665F0 /* Models.swift in Sources */,
				88442BCA1E9C415500DC23A3 /* Defaults.swift in Sources */,
				4A2A228B1EA4309A001B6906 /* AbstractHTTPClient.swift in Sources */,
				4A2A228F1EA434A7001B6906 /* GoogleError.swift in Sources */,
				88D65D2D1E9DF5BC00E80595 /* MainCalendarEventTableViewCell.swift in Sources */,
				88F1041E1E9AE8EF0047F308 /* MainCalendarViewController.swift in Sources */,
				88F104201E9AED300047F308 /* MainCalendarFSEx.swift in Sources */,
				4A2A228D1EA432B4001B6906 /* AbstractSession.swift in Sources */,
				88442BC81E9C350F00DC23A3 /* TriangleView.swift in Sources */,
				4A3FA03E1E9D6B45004ECF64 /* GoogleSession.swift in Sources */,
				4A3E6BA41E9C3B7B00E1644A /* GoogleCalendar.swift in Sources */,
				88D65D391E9F0BAB00E80595 /* AddEventViewController.swift in Sources */,
				88F103ED1E9AE1DA0047F308 /* AppDelegate.swift in Sources */,
				4AC169121EA44602006F79E3 /* GoogleHTTPClient.swift in Sources */,
				4A7758E11E9BD0EB00C1DDDB /* AppAuthPromise.swift in Sources */,
			);
			runOnlyForDeploymentPostprocessing = 0;
		};
		88F103F91E9AE1DA0047F308 /* Sources */ = {
			isa = PBXSourcesBuildPhase;
			buildActionMask = 2147483647;
			files = (
				88F104021E9AE1DA0047F308 /* CalendarTests.swift in Sources */,
				4AC169141EA4829C006F79E3 /* FakeAbstractClasses.swift in Sources */,
				4AC522041EA5D94B00448202 /* AsyncTests.swift in Sources */,
			);
			runOnlyForDeploymentPostprocessing = 0;
		};
		88F104041E9AE1DA0047F308 /* Sources */ = {
			isa = PBXSourcesBuildPhase;
			buildActionMask = 2147483647;
			files = (
				88F1040D1E9AE1DA0047F308 /* DatingCalUITests.swift in Sources */,
			);
			runOnlyForDeploymentPostprocessing = 0;
		};
/* End PBXSourcesBuildPhase section */

/* Begin PBXTargetDependency section */
		88F103FF1E9AE1DA0047F308 /* PBXTargetDependency */ = {
			isa = PBXTargetDependency;
			target = 88F103E81E9AE1D90047F308 /* DatingCal */;
			targetProxy = 88F103FE1E9AE1DA0047F308 /* PBXContainerItemProxy */;
		};
		88F1040A1E9AE1DA0047F308 /* PBXTargetDependency */ = {
			isa = PBXTargetDependency;
			target = 88F103E81E9AE1D90047F308 /* DatingCal */;
			targetProxy = 88F104091E9AE1DA0047F308 /* PBXContainerItemProxy */;
		};
/* End PBXTargetDependency section */

/* Begin PBXVariantGroup section */
		88F103F01E9AE1DA0047F308 /* Main.storyboard */ = {
			isa = PBXVariantGroup;
			children = (
				88F103F11E9AE1DA0047F308 /* Base */,
			);
			name = Main.storyboard;
			sourceTree = "<group>";
		};
		88F103F51E9AE1DA0047F308 /* LaunchScreen.storyboard */ = {
			isa = PBXVariantGroup;
			children = (
				88F103F61E9AE1DA0047F308 /* Base */,
			);
			name = LaunchScreen.storyboard;
			sourceTree = "<group>";
		};
/* End PBXVariantGroup section */

/* Begin XCBuildConfiguration section */
		88F1040F1E9AE1DA0047F308 /* Debug */ = {
			isa = XCBuildConfiguration;
			buildSettings = {
				ALWAYS_SEARCH_USER_PATHS = NO;
				CLANG_ANALYZER_NONNULL = YES;
				CLANG_ANALYZER_NUMBER_OBJECT_CONVERSION = YES_AGGRESSIVE;
				CLANG_CXX_LANGUAGE_STANDARD = "gnu++0x";
				CLANG_CXX_LIBRARY = "libc++";
				CLANG_ENABLE_MODULES = YES;
				CLANG_ENABLE_OBJC_ARC = YES;
				CLANG_WARN_BOOL_CONVERSION = YES;
				CLANG_WARN_CONSTANT_CONVERSION = YES;
				CLANG_WARN_DIRECT_OBJC_ISA_USAGE = YES_ERROR;
				CLANG_WARN_DOCUMENTATION_COMMENTS = YES;
				CLANG_WARN_EMPTY_BODY = YES;
				CLANG_WARN_ENUM_CONVERSION = YES;
				CLANG_WARN_INFINITE_RECURSION = YES;
				CLANG_WARN_INT_CONVERSION = YES;
				CLANG_WARN_OBJC_ROOT_CLASS = YES_ERROR;
				CLANG_WARN_SUSPICIOUS_MOVE = YES;
				CLANG_WARN_UNREACHABLE_CODE = YES;
				CLANG_WARN__DUPLICATE_METHOD_MATCH = YES;
				"CODE_SIGN_IDENTITY[sdk=iphoneos*]" = "iPhone Developer";
				COPY_PHASE_STRIP = NO;
				DEBUG_INFORMATION_FORMAT = dwarf;
				ENABLE_STRICT_OBJC_MSGSEND = YES;
				ENABLE_TESTABILITY = YES;
				GCC_C_LANGUAGE_STANDARD = gnu99;
				GCC_DYNAMIC_NO_PIC = NO;
				GCC_NO_COMMON_BLOCKS = YES;
				GCC_OPTIMIZATION_LEVEL = 0;
				GCC_PREPROCESSOR_DEFINITIONS = (
					"DEBUG=1",
					"$(inherited)",
				);
				GCC_WARN_64_TO_32_BIT_CONVERSION = YES;
				GCC_WARN_ABOUT_RETURN_TYPE = YES_ERROR;
				GCC_WARN_UNDECLARED_SELECTOR = YES;
				GCC_WARN_UNINITIALIZED_AUTOS = YES_AGGRESSIVE;
				GCC_WARN_UNUSED_FUNCTION = YES;
				GCC_WARN_UNUSED_VARIABLE = YES;
				IPHONEOS_DEPLOYMENT_TARGET = 10.3;
				MTL_ENABLE_DEBUG_INFO = YES;
				ONLY_ACTIVE_ARCH = YES;
				SDKROOT = iphoneos;
				SWIFT_ACTIVE_COMPILATION_CONDITIONS = DEBUG;
				SWIFT_OPTIMIZATION_LEVEL = "-Onone";
				TARGETED_DEVICE_FAMILY = "1,2";
			};
			name = Debug;
		};
		88F104101E9AE1DA0047F308 /* Release */ = {
			isa = XCBuildConfiguration;
			buildSettings = {
				ALWAYS_SEARCH_USER_PATHS = NO;
				CLANG_ANALYZER_NONNULL = YES;
				CLANG_ANALYZER_NUMBER_OBJECT_CONVERSION = YES_AGGRESSIVE;
				CLANG_CXX_LANGUAGE_STANDARD = "gnu++0x";
				CLANG_CXX_LIBRARY = "libc++";
				CLANG_ENABLE_MODULES = YES;
				CLANG_ENABLE_OBJC_ARC = YES;
				CLANG_WARN_BOOL_CONVERSION = YES;
				CLANG_WARN_CONSTANT_CONVERSION = YES;
				CLANG_WARN_DIRECT_OBJC_ISA_USAGE = YES_ERROR;
				CLANG_WARN_DOCUMENTATION_COMMENTS = YES;
				CLANG_WARN_EMPTY_BODY = YES;
				CLANG_WARN_ENUM_CONVERSION = YES;
				CLANG_WARN_INFINITE_RECURSION = YES;
				CLANG_WARN_INT_CONVERSION = YES;
				CLANG_WARN_OBJC_ROOT_CLASS = YES_ERROR;
				CLANG_WARN_SUSPICIOUS_MOVE = YES;
				CLANG_WARN_UNREACHABLE_CODE = YES;
				CLANG_WARN__DUPLICATE_METHOD_MATCH = YES;
				"CODE_SIGN_IDENTITY[sdk=iphoneos*]" = "iPhone Developer";
				COPY_PHASE_STRIP = NO;
				DEBUG_INFORMATION_FORMAT = "dwarf-with-dsym";
				ENABLE_NS_ASSERTIONS = NO;
				ENABLE_STRICT_OBJC_MSGSEND = YES;
				GCC_C_LANGUAGE_STANDARD = gnu99;
				GCC_NO_COMMON_BLOCKS = YES;
				GCC_WARN_64_TO_32_BIT_CONVERSION = YES;
				GCC_WARN_ABOUT_RETURN_TYPE = YES_ERROR;
				GCC_WARN_UNDECLARED_SELECTOR = YES;
				GCC_WARN_UNINITIALIZED_AUTOS = YES_AGGRESSIVE;
				GCC_WARN_UNUSED_FUNCTION = YES;
				GCC_WARN_UNUSED_VARIABLE = YES;
				IPHONEOS_DEPLOYMENT_TARGET = 10.3;
				MTL_ENABLE_DEBUG_INFO = NO;
				SDKROOT = iphoneos;
				SWIFT_OPTIMIZATION_LEVEL = "-Owholemodule";
				TARGETED_DEVICE_FAMILY = "1,2";
				VALIDATE_PRODUCT = YES;
			};
			name = Release;
		};
		88F104121E9AE1DA0047F308 /* Debug */ = {
			isa = XCBuildConfiguration;
			baseConfigurationReference = 14993FCCC749C5544529B988 /* Pods-DatingCal.debug.xcconfig */;
			buildSettings = {
				ASSETCATALOG_COMPILER_APPICON_NAME = AppIcon;
				CLANG_ENABLE_MODULES = YES;
				DEVELOPMENT_TEAM = 4EYD34WAXU;
				INFOPLIST_FILE = DatingCal/Info.plist;
				LD_RUNPATH_SEARCH_PATHS = "$(inherited) @executable_path/Frameworks";
				PRODUCT_BUNDLE_IDENTIFIER = cs242.DatingCal;
				PRODUCT_NAME = "$(TARGET_NAME)";
				SWIFT_OBJC_BRIDGING_HEADER = "DatingCal/DatingCal-Bridging-Header.h";
				SWIFT_OPTIMIZATION_LEVEL = "-Onone";
				SWIFT_VERSION = 3.0;
			};
			name = Debug;
		};
		88F104131E9AE1DA0047F308 /* Release */ = {
			isa = XCBuildConfiguration;
			baseConfigurationReference = CCCD3225477F11CAFB04E765 /* Pods-DatingCal.release.xcconfig */;
			buildSettings = {
				ASSETCATALOG_COMPILER_APPICON_NAME = AppIcon;
				CLANG_ENABLE_MODULES = YES;
				DEVELOPMENT_TEAM = 4EYD34WAXU;
				INFOPLIST_FILE = DatingCal/Info.plist;
				LD_RUNPATH_SEARCH_PATHS = "$(inherited) @executable_path/Frameworks";
				PRODUCT_BUNDLE_IDENTIFIER = cs242.DatingCal;
				PRODUCT_NAME = "$(TARGET_NAME)";
				SWIFT_OBJC_BRIDGING_HEADER = "DatingCal/DatingCal-Bridging-Header.h";
				SWIFT_VERSION = 3.0;
			};
			name = Release;
		};
		88F104151E9AE1DA0047F308 /* Debug */ = {
			isa = XCBuildConfiguration;
			baseConfigurationReference = 294C7979DC7819CEE71FD3A3 /* Pods-DatingCalTests.debug.xcconfig */;
			buildSettings = {
				ALWAYS_EMBED_SWIFT_STANDARD_LIBRARIES = YES;
				BUNDLE_LOADER = "$(TEST_HOST)";
				DEVELOPMENT_TEAM = 4EYD34WAXU;
				INFOPLIST_FILE = DatingCalTests/Info.plist;
				LD_RUNPATH_SEARCH_PATHS = "$(inherited) @executable_path/Frameworks @loader_path/Frameworks";
				PRODUCT_BUNDLE_IDENTIFIER = cs242.DatingCalTests;
				PRODUCT_NAME = "$(TARGET_NAME)";
				SWIFT_VERSION = 3.0;
				TEST_HOST = "$(BUILT_PRODUCTS_DIR)/DatingCal.app/DatingCal";
			};
			name = Debug;
		};
		88F104161E9AE1DA0047F308 /* Release */ = {
			isa = XCBuildConfiguration;
			baseConfigurationReference = FF238F5860B5BB4511ADED39 /* Pods-DatingCalTests.release.xcconfig */;
			buildSettings = {
				ALWAYS_EMBED_SWIFT_STANDARD_LIBRARIES = YES;
				BUNDLE_LOADER = "$(TEST_HOST)";
				DEVELOPMENT_TEAM = 4EYD34WAXU;
				INFOPLIST_FILE = DatingCalTests/Info.plist;
				LD_RUNPATH_SEARCH_PATHS = "$(inherited) @executable_path/Frameworks @loader_path/Frameworks";
				PRODUCT_BUNDLE_IDENTIFIER = cs242.DatingCalTests;
				PRODUCT_NAME = "$(TARGET_NAME)";
				SWIFT_VERSION = 3.0;
				TEST_HOST = "$(BUILT_PRODUCTS_DIR)/DatingCal.app/DatingCal";
			};
			name = Release;
		};
		88F104181E9AE1DA0047F308 /* Debug */ = {
			isa = XCBuildConfiguration;
			buildSettings = {
				ALWAYS_EMBED_SWIFT_STANDARD_LIBRARIES = YES;
				DEVELOPMENT_TEAM = "";
				INFOPLIST_FILE = DatingCalUITests/Info.plist;
				LD_RUNPATH_SEARCH_PATHS = "$(inherited) @executable_path/Frameworks @loader_path/Frameworks";
				PRODUCT_BUNDLE_IDENTIFIER = cs242.DatingCalUITests;
				PRODUCT_NAME = "$(TARGET_NAME)";
				SWIFT_VERSION = 3.0;
				TEST_TARGET_NAME = DatingCal;
			};
			name = Debug;
		};
		88F104191E9AE1DA0047F308 /* Release */ = {
			isa = XCBuildConfiguration;
			buildSettings = {
				ALWAYS_EMBED_SWIFT_STANDARD_LIBRARIES = YES;
				DEVELOPMENT_TEAM = "";
				INFOPLIST_FILE = DatingCalUITests/Info.plist;
				LD_RUNPATH_SEARCH_PATHS = "$(inherited) @executable_path/Frameworks @loader_path/Frameworks";
				PRODUCT_BUNDLE_IDENTIFIER = cs242.DatingCalUITests;
				PRODUCT_NAME = "$(TARGET_NAME)";
				SWIFT_VERSION = 3.0;
				TEST_TARGET_NAME = DatingCal;
			};
			name = Release;
		};
/* End XCBuildConfiguration section */

/* Begin XCConfigurationList section */
		88F103E41E9AE1D90047F308 /* Build configuration list for PBXProject "DatingCal" */ = {
			isa = XCConfigurationList;
			buildConfigurations = (
				88F1040F1E9AE1DA0047F308 /* Debug */,
				88F104101E9AE1DA0047F308 /* Release */,
			);
			defaultConfigurationIsVisible = 0;
			defaultConfigurationName = Release;
		};
		88F104111E9AE1DA0047F308 /* Build configuration list for PBXNativeTarget "DatingCal" */ = {
			isa = XCConfigurationList;
			buildConfigurations = (
				88F104121E9AE1DA0047F308 /* Debug */,
				88F104131E9AE1DA0047F308 /* Release */,
			);
			defaultConfigurationIsVisible = 0;
			defaultConfigurationName = Release;
		};
		88F104141E9AE1DA0047F308 /* Build configuration list for PBXNativeTarget "DatingCalTests" */ = {
			isa = XCConfigurationList;
			buildConfigurations = (
				88F104151E9AE1DA0047F308 /* Debug */,
				88F104161E9AE1DA0047F308 /* Release */,
			);
			defaultConfigurationIsVisible = 0;
			defaultConfigurationName = Release;
		};
		88F104171E9AE1DA0047F308 /* Build configuration list for PBXNativeTarget "DatingCalUITests" */ = {
			isa = XCConfigurationList;
			buildConfigurations = (
				88F104181E9AE1DA0047F308 /* Debug */,
				88F104191E9AE1DA0047F308 /* Release */,
			);
			defaultConfigurationIsVisible = 0;
			defaultConfigurationName = Release;
		};
/* End XCConfigurationList section */
	};
	rootObject = 88F103E11E9AE1D90047F308 /* Project object */;
}
